
Microsoft Visual Studio Solution File, Format Version 12.00
# Visual Studio Version 17
VisualStudioVersion = 17.12.35527.113 d17.12
MinimumVisualStudioVersion = 10.0.40219.1
Project("{9A19103F-16F7-4668-BE54-9A1E7A4F7556}") = "Soccer.Common", "Soccer.Common\Soccer.Common.csproj", "{AFAA73F9-B427-4C49-92BD-CA5A6532DF05}"
EndProject
Project("{9A19103F-16F7-4668-BE54-9A1E7A4F7556}") = "Soccer.Web", "Soccer.Web\Soccer.Web.csproj", "{8D18C661-2319-4F88-8C07-88025DB5DEAB}"
EndProject
Global
	GlobalSection(SolutionConfigurationPlatforms) = preSolution
		Debug|Any CPU = Debug|Any CPU
		Release|Any CPU = Release|Any CPU
	EndGlobalSection
	GlobalSection(ProjectConfigurationPlatforms) = postSolution
		{AFAA73F9-B427-4C49-92BD-CA5A6532DF05}.Debug|Any CPU.ActiveCfg = Debug|Any CPU
		{AFAA73F9-B427-4C49-92BD-CA5A6532DF05}.Debug|Any CPU.Build.0 = Debug|Any CPU
		{AFAA73F9-B427-4C49-92BD-CA5A6532DF05}.Release|Any CPU.ActiveCfg = Release|Any CPU
		{AFAA73F9-B427-4C49-92BD-CA5A6532DF05}.Release|Any CPU.Build.0 = Release|Any CPU
		{8D18C661-2319-4F88-8C07-88025DB5DEAB}.Debug|Any CPU.ActiveCfg = Debug|Any CPU
		{8D18C661-2319-4F88-8C07-88025DB5DEAB}.Debug|Any CPU.Build.0 = Debug|Any CPU
		{8D18C661-2319-4F88-8C07-88025DB5DEAB}.Release|Any CPU.ActiveCfg = Release|Any CPU
		{8D18C661-2319-4F88-8C07-88025DB5DEAB}.Release|Any CPU.Build.0 = Release|Any CPU
	EndGlobalSection
	GlobalSection(SolutionProperties) = preSolution
		HideSolutionNode = FALSE
	EndGlobalSection
	GlobalSection(ExtensibilityGlobals) = postSolution
		SolutionGuid = {8A7CAEE0-29A1-49DE-A705-A33ADA05FFEC}
	EndGlobalSection
EndGlobal
