
Microsoft Visual Studio Solution File, Format Version 12.00
# Visual Studio Version 16
VisualStudioVersion = 16.0.29613.14
MinimumVisualStudioVersion = 10.0.40219.1
Project("{FAE04EC0-301F-11D3-BF4B-00C04F79EFBC}") = "Soccer.Common", "Soccer.Common\Soccer.Common.csproj", "{AFAA73F9-B427-4C49-92BD-CA5A6532DF05}"
EndProject
Project("{FAE04EC0-301F-11D3-BF4B-00C04F79EFBC}") = "Soccer.Web", "Soccer.Web\Soccer.Web.csproj", "{8D18C661-2319-4F88-8C07-88025DB5DEAB}"
EndProject
Project("{FAE04EC0-301F-11D3-BF4B-00C04F79EFBC}") = "Soccer.Prism", "Soccer.Prism\Soccer.Prism\Soccer.Prism.csproj", "{1C967791-BD35-46B5-AADA-5976CA13FAE5}"
EndProject
Project("{FAE04EC0-301F-11D3-BF4B-00C04F79EFBC}") = "Soccer.Prism.Android", "Soccer.Prism\Soccer.Prism.Android\Soccer.Prism.Android.csproj", "{7CF1FE0F-798E-4A3F-BC2F-56549D6BC8DA}"
EndProject
Global
	GlobalSection(SolutionConfigurationPlatforms) = preSolution
		Debug|Any CPU = Debug|Any CPU
		Release|Any CPU = Release|Any CPU
	EndGlobalSection
	GlobalSection(ProjectConfigurationPlatforms) = postSolution
		{AFAA73F9-B427-4C49-92BD-CA5A6532DF05}.Debug|Any CPU.ActiveCfg = Debug|Any CPU
		{AFAA73F9-B427-4C49-92BD-CA5A6532DF05}.Debug|Any CPU.Build.0 = Debug|Any CPU
		{AFAA73F9-B427-4C49-92BD-CA5A6532DF05}.Release|Any CPU.ActiveCfg = Release|Any CPU
		{AFAA73F9-B427-4C49-92BD-CA5A6532DF05}.Release|Any CPU.Build.0 = Release|Any CPU
		{8D18C661-2319-4F88-8C07-88025DB5DEAB}.Debug|Any CPU.ActiveCfg = Debug|Any CPU
		{8D18C661-2319-4F88-8C07-88025DB5DEAB}.Debug|Any CPU.Build.0 = Debug|Any CPU
		{8D18C661-2319-4F88-8C07-88025DB5DEAB}.Release|Any CPU.ActiveCfg = Release|Any CPU
		{8D18C661-2319-4F88-8C07-88025DB5DEAB}.Release|Any CPU.Build.0 = Release|Any CPU
		{1C967791-BD35-46B5-AADA-5976CA13FAE5}.Debug|Any CPU.ActiveCfg = Debug|Any CPU
		{1C967791-BD35-46B5-AADA-5976CA13FAE5}.Debug|Any CPU.Build.0 = Debug|Any CPU
		{1C967791-BD35-46B5-AADA-5976CA13FAE5}.Release|Any CPU.ActiveCfg = Release|Any CPU
		{1C967791-BD35-46B5-AADA-5976CA13FAE5}.Release|Any CPU.Build.0 = Release|Any CPU
		{7CF1FE0F-798E-4A3F-BC2F-56549D6BC8DA}.Debug|Any CPU.ActiveCfg = Debug|Any CPU
		{7CF1FE0F-798E-4A3F-BC2F-56549D6BC8DA}.Debug|Any CPU.Build.0 = Debug|Any CPU
		{7CF1FE0F-798E-4A3F-BC2F-56549D6BC8DA}.Debug|Any CPU.Deploy.0 = Debug|Any CPU
		{7CF1FE0F-798E-4A3F-BC2F-56549D6BC8DA}.Release|Any CPU.ActiveCfg = Release|Any CPU
		{7CF1FE0F-798E-4A3F-BC2F-56549D6BC8DA}.Release|Any CPU.Build.0 = Release|Any CPU
		{7CF1FE0F-798E-4A3F-BC2F-56549D6BC8DA}.Release|Any CPU.Deploy.0 = Release|Any CPU
	EndGlobalSection
	GlobalSection(SolutionProperties) = preSolution
		HideSolutionNode = FALSE
	EndGlobalSection
	GlobalSection(ExtensibilityGlobals) = postSolution
		SolutionGuid = {8A7CAEE0-29A1-49DE-A705-A33ADA05FFEC}
	EndGlobalSection
EndGlobal
